
Microsoft Visual Studio Solution File, Format Version 12.00
# Visual Studio Version 17
VisualStudioVersion = 17.9.34607.119
MinimumVisualStudioVersion = 10.0.40219.1
Project("{FAE04EC0-301F-11D3-BF4B-00C04F79EFBC}") = "WebApplication1", "WebApplication1\WebApplication1.csproj", "{701183F5-A847-4A0C-BD33-84DA6EB4E452}"
EndProject
Global
	GlobalSection(SolutionConfigurationPlatforms) = preSolution
		Debug|Any CPU = Debug|Any CPU
		Release|Any CPU = Release|Any CPU
	EndGlobalSection
	GlobalSection(ProjectConfigurationPlatforms) = postSolution
		{701183F5-A847-4A0C-BD33-84DA6EB4E452}.Debug|Any CPU.ActiveCfg = Debug|Any CPU
		{701183F5-A847-4A0C-BD33-84DA6EB4E452}.Debug|Any CPU.Build.0 = Debug|Any CPU
		{701183F5-A847-4A0C-BD33-84DA6EB4E452}.Release|Any CPU.ActiveCfg = Release|Any CPU
		{701183F5-A847-4A0C-BD33-84DA6EB4E452}.Release|Any CPU.Build.0 = Release|Any CPU
	EndGlobalSection
	GlobalSection(SolutionProperties) = preSolution
		HideSolutionNode = FALSE
	EndGlobalSection
	GlobalSection(ExtensibilityGlobals) = postSolution
		SolutionGuid = {4EB66528-FA95-4824-8696-0A7467501D5B}
	EndGlobalSection
EndGlobal
